
Microsoft Visual Studio Solution File, Format Version 12.00
# Visual Studio 14
VisualStudioVersion = 14.0.23107.0
MinimumVisualStudioVersion = 10.0.40219.1
Project("{F2A71F9B-5D33-465A-A702-920D77279786}") = "MovieCenter.Core", "MovieCenter.Core\MovieCenter.Core.fsproj", "{D6AA2019-14CE-405E-B71C-A961E078F6E7}"
EndProject
Project("{F2A71F9B-5D33-465A-A702-920D77279786}") = "MovieCenter.Core.Test", "MovieCenter.Core.Test\MovieCenter.Core.Test.fsproj", "{1300D986-BAEB-49F7-A1FE-A79068868FA2}"
EndProject
Global
	GlobalSection(SolutionConfigurationPlatforms) = preSolution
		Debug|Any CPU = Debug|Any CPU
		Release|Any CPU = Release|Any CPU
	EndGlobalSection
	GlobalSection(ProjectConfigurationPlatforms) = postSolution
		{D6AA2019-14CE-405E-B71C-A961E078F6E7}.Debug|Any CPU.ActiveCfg = Debug|Any CPU
		{D6AA2019-14CE-405E-B71C-A961E078F6E7}.Debug|Any CPU.Build.0 = Debug|Any CPU
		{D6AA2019-14CE-405E-B71C-A961E078F6E7}.Release|Any CPU.ActiveCfg = Release|Any CPU
		{D6AA2019-14CE-405E-B71C-A961E078F6E7}.Release|Any CPU.Build.0 = Release|Any CPU
		{1300D986-BAEB-49F7-A1FE-A79068868FA2}.Debug|Any CPU.ActiveCfg = Debug|Any CPU
		{1300D986-BAEB-49F7-A1FE-A79068868FA2}.Debug|Any CPU.Build.0 = Debug|Any CPU
		{1300D986-BAEB-49F7-A1FE-A79068868FA2}.Release|Any CPU.ActiveCfg = Release|Any CPU
		{1300D986-BAEB-49F7-A1FE-A79068868FA2}.Release|Any CPU.Build.0 = Release|Any CPU
	EndGlobalSection
	GlobalSection(SolutionProperties) = preSolution
		HideSolutionNode = FALSE
	EndGlobalSection
EndGlobal
